// !$*UTF8*$!
{
	archiveVersion = 1;
	classes = {
	};
	objectVersion = 46;
	objects = {

/* Begin PBXBuildFile section */
		B302E23B16FD5495002897BD /* LoadingView.m in Sources */ = {isa = PBXBuildFile; fileRef = B302E23A16FD5495002897BD /* LoadingView.m */; };
		B302E23E16FD7CE2002897BD /* UIDevice-Hardware.m in Sources */ = {isa = PBXBuildFile; fileRef = B302E23D16FD7CE2002897BD /* UIDevice-Hardware.m */; };
		B31BF85916E8853800561E33 /* Pomelo.m in Sources */ = {isa = PBXBuildFile; fileRef = B31BF84216E8853800561E33 /* Pomelo.m */; };
		B31BF85A16E8853800561E33 /* PomeloProtocol.m in Sources */ = {isa = PBXBuildFile; fileRef = B31BF84416E8853800561E33 /* PomeloProtocol.m */; };
		B31BF85B16E8853800561E33 /* SocketIO.m in Sources */ = {isa = PBXBuildFile; fileRef = B31BF84716E8853800561E33 /* SocketIO.m */; };
		B31BF85C16E8853800561E33 /* SocketIOJSONSerialization.m in Sources */ = {isa = PBXBuildFile; fileRef = B31BF84916E8853800561E33 /* SocketIOJSONSerialization.m */; };
		B31BF85D16E8853800561E33 /* SocketIOPacket.m in Sources */ = {isa = PBXBuildFile; fileRef = B31BF84B16E8853800561E33 /* SocketIOPacket.m */; };
		B31BF85E16E8853800561E33 /* SocketIOTransportWebsocket.m in Sources */ = {isa = PBXBuildFile; fileRef = B31BF84E16E8853800561E33 /* SocketIOTransportWebsocket.m */; };
		B31BF85F16E8853800561E33 /* SocketIOTransportXHR.m in Sources */ = {isa = PBXBuildFile; fileRef = B31BF85016E8853800561E33 /* SocketIOTransportXHR.m */; };
		B31BF86016E8853800561E33 /* base64.c in Sources */ = {isa = PBXBuildFile; fileRef = B31BF85216E8853800561E33 /* base64.c */; settings = {COMPILER_FLAGS = "-fno-objc-arc"; }; };
		B31BF86116E8853800561E33 /* NSData+SRB64Additions.m in Sources */ = {isa = PBXBuildFile; fileRef = B31BF85516E8853800561E33 /* NSData+SRB64Additions.m */; };
		B31BF86216E8853800561E33 /* SRWebSocket.m in Sources */ = {isa = PBXBuildFile; fileRef = B31BF85816E8853800561E33 /* SRWebSocket.m */; };
		B31BF86416E8856000561E33 /* Security.framework in Frameworks */ = {isa = PBXBuildFile; fileRef = B31BF86316E8856000561E33 /* Security.framework */; };
		B31BF86616E8856900561E33 /* CFNetwork.framework in Frameworks */ = {isa = PBXBuildFile; fileRef = B31BF86516E8856900561E33 /* CFNetwork.framework */; };
		B31BF86816E8857100561E33 /* libicucore.dylib in Frameworks */ = {isa = PBXBuildFile; fileRef = B31BF86716E8857100561E33 /* libicucore.dylib */; };
		B32AD45816F30A170030B46A /* RefreshHeaderView.m in Sources */ = {isa = PBXBuildFile; fileRef = B32AD45716F30A170030B46A /* RefreshHeaderView.m */; };
		B32AD46216F340BD0030B46A /* blackArrow.png in Resources */ = {isa = PBXBuildFile; fileRef = B32AD45A16F340BD0030B46A /* blackArrow.png */; };
		B32AD46316F340BD0030B46A /* blackArrow@2x.png in Resources */ = {isa = PBXBuildFile; fileRef = B32AD45B16F340BD0030B46A /* blackArrow@2x.png */; };
		B32AD46416F340BD0030B46A /* blueArrow.png in Resources */ = {isa = PBXBuildFile; fileRef = B32AD45C16F340BD0030B46A /* blueArrow.png */; };
		B32AD46516F340BD0030B46A /* blueArrow@2x.png in Resources */ = {isa = PBXBuildFile; fileRef = B32AD45D16F340BD0030B46A /* blueArrow@2x.png */; };
		B32AD46616F340BD0030B46A /* grayArrow.png in Resources */ = {isa = PBXBuildFile; fileRef = B32AD45E16F340BD0030B46A /* grayArrow.png */; };
		B32AD46716F340BD0030B46A /* grayArrow@2x.png in Resources */ = {isa = PBXBuildFile; fileRef = B32AD45F16F340BD0030B46A /* grayArrow@2x.png */; };
		B32AD46816F340BD0030B46A /* whiteArrow.png in Resources */ = {isa = PBXBuildFile; fileRef = B32AD46016F340BD0030B46A /* whiteArrow.png */; };
		B32AD46916F340BD0030B46A /* whiteArrow@2x.png in Resources */ = {isa = PBXBuildFile; fileRef = B32AD46116F340BD0030B46A /* whiteArrow@2x.png */; };
		B32AEBA016F7055C001EC9C1 /* Functions.m in Sources */ = {isa = PBXBuildFile; fileRef = B32AEB9F16F7055C001EC9C1 /* Functions.m */; };
		B334B87B16FD9C7F006AB8DD /* CreatRoomView.m in Sources */ = {isa = PBXBuildFile; fileRef = B334B87316FD9C7F006AB8DD /* CreatRoomView.m */; };
		B334B87C16FD9C7F006AB8DD /* CreatRoomView.xib in Resources */ = {isa = PBXBuildFile; fileRef = B334B87416FD9C7F006AB8DD /* CreatRoomView.xib */; };
		B334B87D16FD9C7F006AB8DD /* RegisterView.m in Sources */ = {isa = PBXBuildFile; fileRef = B334B87616FD9C7F006AB8DD /* RegisterView.m */; };
		B334B87E16FD9C7F006AB8DD /* RegisterView.xib in Resources */ = {isa = PBXBuildFile; fileRef = B334B87716FD9C7F006AB8DD /* RegisterView.xib */; };
		B334B87F16FD9C7F006AB8DD /* RoomListTableViewCell.m in Sources */ = {isa = PBXBuildFile; fileRef = B334B87916FD9C7F006AB8DD /* RoomListTableViewCell.m */; };
		B334B88016FD9C7F006AB8DD /* RoomListTableViewCell.xib in Resources */ = {isa = PBXBuildFile; fileRef = B334B87A16FD9C7F006AB8DD /* RoomListTableViewCell.xib */; };
		B334B88416FD9CE4006AB8DD /* AppDelegate.m in Sources */ = {isa = PBXBuildFile; fileRef = B334B88316FD9CE4006AB8DD /* AppDelegate.m */; };
		B334B88F16FD9CEE006AB8DD /* ChatViewController.m in Sources */ = {isa = PBXBuildFile; fileRef = B334B88716FD9CEE006AB8DD /* ChatViewController.m */; };
		B334B89016FD9CEE006AB8DD /* ChatViewController.xib in Resources */ = {isa = PBXBuildFile; fileRef = B334B88816FD9CEE006AB8DD /* ChatViewController.xib */; };
		B334B89116FD9CEE006AB8DD /* LoginViewController.m in Sources */ = {isa = PBXBuildFile; fileRef = B334B88A16FD9CEE006AB8DD /* LoginViewController.m */; };
		B334B89216FD9CEE006AB8DD /* LoginViewController.xib in Resources */ = {isa = PBXBuildFile; fileRef = B334B88B16FD9CEE006AB8DD /* LoginViewController.xib */; };
		B334B89316FD9CEE006AB8DD /* RoomViewController.m in Sources */ = {isa = PBXBuildFile; fileRef = B334B88D16FD9CEE006AB8DD /* RoomViewController.m */; };
		B334B89416FD9CEE006AB8DD /* RoomViewController.xib in Resources */ = {isa = PBXBuildFile; fileRef = B334B88E16FD9CEE006AB8DD /* RoomViewController.xib */; };
		B3D097C516E8284000E99380 /* UIKit.framework in Frameworks */ = {isa = PBXBuildFile; fileRef = B3D097C416E8284000E99380 /* UIKit.framework */; };
		B3D097C716E8284000E99380 /* Foundation.framework in Frameworks */ = {isa = PBXBuildFile; fileRef = B3D097C616E8284000E99380 /* Foundation.framework */; };
		B3D097C916E8284000E99380 /* CoreGraphics.framework in Frameworks */ = {isa = PBXBuildFile; fileRef = B3D097C816E8284000E99380 /* CoreGraphics.framework */; };
		B3D097CF16E8284000E99380 /* InfoPlist.strings in Resources */ = {isa = PBXBuildFile; fileRef = B3D097CD16E8284000E99380 /* InfoPlist.strings */; };
		B3D097D116E8284000E99380 /* main.m in Sources */ = {isa = PBXBuildFile; fileRef = B3D097D016E8284000E99380 /* main.m */; };
		B3D097D716E8284100E99380 /* Default.png in Resources */ = {isa = PBXBuildFile; fileRef = B3D097D616E8284100E99380 /* Default.png */; };
		B3D097D916E8284100E99380 /* Default@2x.png in Resources */ = {isa = PBXBuildFile; fileRef = B3D097D816E8284100E99380 /* Default@2x.png */; };
		B3D097DB16E8284100E99380 /* Default-568h@2x.png in Resources */ = {isa = PBXBuildFile; fileRef = B3D097DA16E8284100E99380 /* Default-568h@2x.png */; };
		B3D097FE16E84AD200E99380 /* QuartzCore.framework in Frameworks */ = {isa = PBXBuildFile; fileRef = B3D097FD16E84AD200E99380 /* QuartzCore.framework */; };
		B3DC5CB216F9F7FB008AC81A /* Base64.m in Sources */ = {isa = PBXBuildFile; fileRef = B3DC5CB116F9F7FB008AC81A /* Base64.m */; };
		B3DF333516F1B8F000E9C4D9 /* UserData.m in Sources */ = {isa = PBXBuildFile; fileRef = B3DF333416F1B8F000E9C4D9 /* UserData.m */; };
		B3DF333816F1BBBB00E9C4D9 /* UserDataManager.m in Sources */ = {isa = PBXBuildFile; fileRef = B3DF333716F1BBBB00E9C4D9 /* UserDataManager.m */; };
		B3E5C86016F7EEF200739CE5 /* PopupView.m in Sources */ = {isa = PBXBuildFile; fileRef = B3E5C85F16F7EEF200739CE5 /* PopupView.m */; };
		B3F8F22317013F9400D80E42 /* RoomListTableViewHeader.m in Sources */ = {isa = PBXBuildFile; fileRef = B3F8F22217013F9400D80E42 /* RoomListTableViewHeader.m */; };
		B3F8F22517013FC200D80E42 /* RoomListTableViewHeader.xib in Resources */ = {isa = PBXBuildFile; fileRef = B3F8F22417013FC200D80E42 /* RoomListTableViewHeader.xib */; };
		B3F8F2281701439800D80E42 /* RoomListTableViewFooter.m in Sources */ = {isa = PBXBuildFile; fileRef = B3F8F2271701439800D80E42 /* RoomListTableViewFooter.m */; };
		B3F8F22A170143C500D80E42 /* RoomListTableViewFooter.xib in Resources */ = {isa = PBXBuildFile; fileRef = B3F8F229170143C500D80E42 /* RoomListTableViewFooter.xib */; };
		B3F8F22C17016F7A00D80E42 /* SS_PinYin.c in Sources */ = {isa = PBXBuildFile; fileRef = B3F8F22B17016F7A00D80E42 /* SS_PinYin.c */; };
		C4B39B3816FD82F200C45BB9 /* avatar.png in Resources */ = {isa = PBXBuildFile; fileRef = C4B39B3716FD82F200C45BB9 /* avatar.png */; };
/* End PBXBuildFile section */

/* Begin PBXFileReference section */
		B302E23916FD5495002897BD /* LoadingView.h */ = {isa = PBXFileReference; fileEncoding = 4; lastKnownFileType = sourcecode.c.h; path = LoadingView.h; sourceTree = "<group>"; };
		B302E23A16FD5495002897BD /* LoadingView.m */ = {isa = PBXFileReference; fileEncoding = 4; lastKnownFileType = sourcecode.c.objc; path = LoadingView.m; sourceTree = "<group>"; };
		B302E23C16FD7CE2002897BD /* UIDevice-Hardware.h */ = {isa = PBXFileReference; fileEncoding = 4; lastKnownFileType = sourcecode.c.h; path = "UIDevice-Hardware.h"; sourceTree = "<group>"; };
		B302E23D16FD7CE2002897BD /* UIDevice-Hardware.m */ = {isa = PBXFileReference; fileEncoding = 4; lastKnownFileType = sourcecode.c.objc; path = "UIDevice-Hardware.m"; sourceTree = "<group>"; };
		B31BF84116E8853800561E33 /* Pomelo.h */ = {isa = PBXFileReference; fileEncoding = 4; lastKnownFileType = sourcecode.c.h; path = Pomelo.h; sourceTree = "<group>"; };
		B31BF84216E8853800561E33 /* Pomelo.m */ = {isa = PBXFileReference; fileEncoding = 4; lastKnownFileType = sourcecode.c.objc; path = Pomelo.m; sourceTree = "<group>"; };
		B31BF84316E8853800561E33 /* PomeloProtocol.h */ = {isa = PBXFileReference; fileEncoding = 4; lastKnownFileType = sourcecode.c.h; path = PomeloProtocol.h; sourceTree = "<group>"; };
		B31BF84416E8853800561E33 /* PomeloProtocol.m */ = {isa = PBXFileReference; fileEncoding = 4; lastKnownFileType = sourcecode.c.objc; path = PomeloProtocol.m; sourceTree = "<group>"; };
		B31BF84616E8853800561E33 /* SocketIO.h */ = {isa = PBXFileReference; fileEncoding = 4; lastKnownFileType = sourcecode.c.h; path = SocketIO.h; sourceTree = "<group>"; };
		B31BF84716E8853800561E33 /* SocketIO.m */ = {isa = PBXFileReference; fileEncoding = 4; lastKnownFileType = sourcecode.c.objc; path = SocketIO.m; sourceTree = "<group>"; };
		B31BF84816E8853800561E33 /* SocketIOJSONSerialization.h */ = {isa = PBXFileReference; fileEncoding = 4; lastKnownFileType = sourcecode.c.h; path = SocketIOJSONSerialization.h; sourceTree = "<group>"; };
		B31BF84916E8853800561E33 /* SocketIOJSONSerialization.m */ = {isa = PBXFileReference; fileEncoding = 4; lastKnownFileType = sourcecode.c.objc; path = SocketIOJSONSerialization.m; sourceTree = "<group>"; };
		B31BF84A16E8853800561E33 /* SocketIOPacket.h */ = {isa = PBXFileReference; fileEncoding = 4; lastKnownFileType = sourcecode.c.h; path = SocketIOPacket.h; sourceTree = "<group>"; };
		B31BF84B16E8853800561E33 /* SocketIOPacket.m */ = {isa = PBXFileReference; fileEncoding = 4; lastKnownFileType = sourcecode.c.objc; path = SocketIOPacket.m; sourceTree = "<group>"; };
		B31BF84C16E8853800561E33 /* SocketIOTransport.h */ = {isa = PBXFileReference; fileEncoding = 4; lastKnownFileType = sourcecode.c.h; path = SocketIOTransport.h; sourceTree = "<group>"; };
		B31BF84D16E8853800561E33 /* SocketIOTransportWebsocket.h */ = {isa = PBXFileReference; fileEncoding = 4; lastKnownFileType = sourcecode.c.h; path = SocketIOTransportWebsocket.h; sourceTree = "<group>"; };
		B31BF84E16E8853800561E33 /* SocketIOTransportWebsocket.m */ = {isa = PBXFileReference; fileEncoding = 4; lastKnownFileType = sourcecode.c.objc; path = SocketIOTransportWebsocket.m; sourceTree = "<group>"; };
		B31BF84F16E8853800561E33 /* SocketIOTransportXHR.h */ = {isa = PBXFileReference; fileEncoding = 4; lastKnownFileType = sourcecode.c.h; path = SocketIOTransportXHR.h; sourceTree = "<group>"; };
		B31BF85016E8853800561E33 /* SocketIOTransportXHR.m */ = {isa = PBXFileReference; fileEncoding = 4; lastKnownFileType = sourcecode.c.objc; path = SocketIOTransportXHR.m; sourceTree = "<group>"; };
		B31BF85216E8853800561E33 /* base64.c */ = {isa = PBXFileReference; fileEncoding = 4; lastKnownFileType = sourcecode.c.c; path = base64.c; sourceTree = "<group>"; };
		B31BF85316E8853800561E33 /* base64.h */ = {isa = PBXFileReference; fileEncoding = 4; lastKnownFileType = sourcecode.c.h; path = base64.h; sourceTree = "<group>"; };
		B31BF85416E8853800561E33 /* NSData+SRB64Additions.h */ = {isa = PBXFileReference; fileEncoding = 4; lastKnownFileType = sourcecode.c.h; path = "NSData+SRB64Additions.h"; sourceTree = "<group>"; };
		B31BF85516E8853800561E33 /* NSData+SRB64Additions.m */ = {isa = PBXFileReference; fileEncoding = 4; lastKnownFileType = sourcecode.c.objc; path = "NSData+SRB64Additions.m"; sourceTree = "<group>"; };
		B31BF85616E8853800561E33 /* SocketRocket-Prefix.pch */ = {isa = PBXFileReference; fileEncoding = 4; lastKnownFileType = sourcecode.c.h; path = "SocketRocket-Prefix.pch"; sourceTree = "<group>"; };
		B31BF85716E8853800561E33 /* SRWebSocket.h */ = {isa = PBXFileReference; fileEncoding = 4; lastKnownFileType = sourcecode.c.h; path = SRWebSocket.h; sourceTree = "<group>"; };
		B31BF85816E8853800561E33 /* SRWebSocket.m */ = {isa = PBXFileReference; fileEncoding = 4; lastKnownFileType = sourcecode.c.objc; path = SRWebSocket.m; sourceTree = "<group>"; };
		B31BF86316E8856000561E33 /* Security.framework */ = {isa = PBXFileReference; lastKnownFileType = wrapper.framework; name = Security.framework; path = System/Library/Frameworks/Security.framework; sourceTree = SDKROOT; };
		B31BF86516E8856900561E33 /* CFNetwork.framework */ = {isa = PBXFileReference; lastKnownFileType = wrapper.framework; name = CFNetwork.framework; path = System/Library/Frameworks/CFNetwork.framework; sourceTree = SDKROOT; };
		B31BF86716E8857100561E33 /* libicucore.dylib */ = {isa = PBXFileReference; lastKnownFileType = "compiled.mach-o.dylib"; name = libicucore.dylib; path = usr/lib/libicucore.dylib; sourceTree = SDKROOT; };
		B32AD45616F30A170030B46A /* RefreshHeaderView.h */ = {isa = PBXFileReference; fileEncoding = 4; lastKnownFileType = sourcecode.c.h; path = RefreshHeaderView.h; sourceTree = "<group>"; };
		B32AD45716F30A170030B46A /* RefreshHeaderView.m */ = {isa = PBXFileReference; fileEncoding = 4; lastKnownFileType = sourcecode.c.objc; path = RefreshHeaderView.m; sourceTree = "<group>"; };
		B32AD45A16F340BD0030B46A /* blackArrow.png */ = {isa = PBXFileReference; lastKnownFileType = image.png; path = blackArrow.png; sourceTree = "<group>"; };
		B32AD45B16F340BD0030B46A /* blackArrow@2x.png */ = {isa = PBXFileReference; lastKnownFileType = image.png; path = "blackArrow@2x.png"; sourceTree = "<group>"; };
		B32AD45C16F340BD0030B46A /* blueArrow.png */ = {isa = PBXFileReference; lastKnownFileType = image.png; path = blueArrow.png; sourceTree = "<group>"; };
		B32AD45D16F340BD0030B46A /* blueArrow@2x.png */ = {isa = PBXFileReference; lastKnownFileType = image.png; path = "blueArrow@2x.png"; sourceTree = "<group>"; };
		B32AD45E16F340BD0030B46A /* grayArrow.png */ = {isa = PBXFileReference; lastKnownFileType = image.png; path = grayArrow.png; sourceTree = "<group>"; };
		B32AD45F16F340BD0030B46A /* grayArrow@2x.png */ = {isa = PBXFileReference; lastKnownFileType = image.png; path = "grayArrow@2x.png"; sourceTree = "<group>"; };
		B32AD46016F340BD0030B46A /* whiteArrow.png */ = {isa = PBXFileReference; lastKnownFileType = image.png; path = whiteArrow.png; sourceTree = "<group>"; };
		B32AD46116F340BD0030B46A /* whiteArrow@2x.png */ = {isa = PBXFileReference; lastKnownFileType = image.png; path = "whiteArrow@2x.png"; sourceTree = "<group>"; };
		B32AEB9E16F7055C001EC9C1 /* Functions.h */ = {isa = PBXFileReference; fileEncoding = 4; lastKnownFileType = sourcecode.c.h; path = Functions.h; sourceTree = "<group>"; };
		B32AEB9F16F7055C001EC9C1 /* Functions.m */ = {isa = PBXFileReference; fileEncoding = 4; lastKnownFileType = sourcecode.c.objc; path = Functions.m; sourceTree = "<group>"; };
		B334B87216FD9C7F006AB8DD /* CreatRoomView.h */ = {isa = PBXFileReference; fileEncoding = 4; lastKnownFileType = sourcecode.c.h; path = CreatRoomView.h; sourceTree = "<group>"; };
		B334B87316FD9C7F006AB8DD /* CreatRoomView.m */ = {isa = PBXFileReference; fileEncoding = 4; lastKnownFileType = sourcecode.c.objc; path = CreatRoomView.m; sourceTree = "<group>"; };
		B334B87416FD9C7F006AB8DD /* CreatRoomView.xib */ = {isa = PBXFileReference; fileEncoding = 4; lastKnownFileType = file.xib; path = CreatRoomView.xib; sourceTree = "<group>"; };
		B334B87516FD9C7F006AB8DD /* RegisterView.h */ = {isa = PBXFileReference; fileEncoding = 4; lastKnownFileType = sourcecode.c.h; path = RegisterView.h; sourceTree = "<group>"; };
		B334B87616FD9C7F006AB8DD /* RegisterView.m */ = {isa = PBXFileReference; fileEncoding = 4; lastKnownFileType = sourcecode.c.objc; path = RegisterView.m; sourceTree = "<group>"; };
		B334B87716FD9C7F006AB8DD /* RegisterView.xib */ = {isa = PBXFileReference; fileEncoding = 4; lastKnownFileType = file.xib; path = RegisterView.xib; sourceTree = "<group>"; };
		B334B87816FD9C7F006AB8DD /* RoomListTableViewCell.h */ = {isa = PBXFileReference; fileEncoding = 4; lastKnownFileType = sourcecode.c.h; path = RoomListTableViewCell.h; sourceTree = "<group>"; };
		B334B87916FD9C7F006AB8DD /* RoomListTableViewCell.m */ = {isa = PBXFileReference; fileEncoding = 4; lastKnownFileType = sourcecode.c.objc; path = RoomListTableViewCell.m; sourceTree = "<group>"; };
		B334B87A16FD9C7F006AB8DD /* RoomListTableViewCell.xib */ = {isa = PBXFileReference; fileEncoding = 4; lastKnownFileType = file.xib; path = RoomListTableViewCell.xib; sourceTree = "<group>"; };
		B334B88216FD9CE4006AB8DD /* AppDelegate.h */ = {isa = PBXFileReference; fileEncoding = 4; lastKnownFileType = sourcecode.c.h; path = AppDelegate.h; sourceTree = "<group>"; };
		B334B88316FD9CE4006AB8DD /* AppDelegate.m */ = {isa = PBXFileReference; fileEncoding = 4; lastKnownFileType = sourcecode.c.objc; path = AppDelegate.m; sourceTree = "<group>"; };
		B334B88616FD9CEE006AB8DD /* ChatViewController.h */ = {isa = PBXFileReference; fileEncoding = 4; lastKnownFileType = sourcecode.c.h; path = ChatViewController.h; sourceTree = "<group>"; };
		B334B88716FD9CEE006AB8DD /* ChatViewController.m */ = {isa = PBXFileReference; fileEncoding = 4; lastKnownFileType = sourcecode.c.objc; path = ChatViewController.m; sourceTree = "<group>"; };
		B334B88816FD9CEE006AB8DD /* ChatViewController.xib */ = {isa = PBXFileReference; fileEncoding = 4; lastKnownFileType = file.xib; path = ChatViewController.xib; sourceTree = "<group>"; };
		B334B88916FD9CEE006AB8DD /* LoginViewController.h */ = {isa = PBXFileReference; fileEncoding = 4; lastKnownFileType = sourcecode.c.h; path = LoginViewController.h; sourceTree = "<group>"; };
		B334B88A16FD9CEE006AB8DD /* LoginViewController.m */ = {isa = PBXFileReference; fileEncoding = 4; lastKnownFileType = sourcecode.c.objc; path = LoginViewController.m; sourceTree = "<group>"; };
		B334B88B16FD9CEE006AB8DD /* LoginViewController.xib */ = {isa = PBXFileReference; fileEncoding = 4; lastKnownFileType = file.xib; path = LoginViewController.xib; sourceTree = "<group>"; };
		B334B88C16FD9CEE006AB8DD /* RoomViewController.h */ = {isa = PBXFileReference; fileEncoding = 4; lastKnownFileType = sourcecode.c.h; path = RoomViewController.h; sourceTree = "<group>"; };
		B334B88D16FD9CEE006AB8DD /* RoomViewController.m */ = {isa = PBXFileReference; fileEncoding = 4; lastKnownFileType = sourcecode.c.objc; path = RoomViewController.m; sourceTree = "<group>"; };
		B334B88E16FD9CEE006AB8DD /* RoomViewController.xib */ = {isa = PBXFileReference; fileEncoding = 4; lastKnownFileType = file.xib; path = RoomViewController.xib; sourceTree = "<group>"; };
		B3D097C016E8284000E99380 /* PokerChat.app */ = {isa = PBXFileReference; explicitFileType = wrapper.application; includeInIndex = 0; path = PokerChat.app; sourceTree = BUILT_PRODUCTS_DIR; };
		B3D097C416E8284000E99380 /* UIKit.framework */ = {isa = PBXFileReference; lastKnownFileType = wrapper.framework; name = UIKit.framework; path = System/Library/Frameworks/UIKit.framework; sourceTree = SDKROOT; };
		B3D097C616E8284000E99380 /* Foundation.framework */ = {isa = PBXFileReference; lastKnownFileType = wrapper.framework; name = Foundation.framework; path = System/Library/Frameworks/Foundation.framework; sourceTree = SDKROOT; };
		B3D097C816E8284000E99380 /* CoreGraphics.framework */ = {isa = PBXFileReference; lastKnownFileType = wrapper.framework; name = CoreGraphics.framework; path = System/Library/Frameworks/CoreGraphics.framework; sourceTree = SDKROOT; };
		B3D097CC16E8284000E99380 /* PokerChat-Info.plist */ = {isa = PBXFileReference; lastKnownFileType = text.plist.xml; path = "PokerChat-Info.plist"; sourceTree = "<group>"; };
		B3D097CE16E8284000E99380 /* en */ = {isa = PBXFileReference; lastKnownFileType = text.plist.strings; name = en; path = en.lproj/InfoPlist.strings; sourceTree = "<group>"; };
		B3D097D016E8284000E99380 /* main.m */ = {isa = PBXFileReference; lastKnownFileType = sourcecode.c.objc; path = main.m; sourceTree = "<group>"; };
		B3D097D216E8284100E99380 /* PokerChat-Prefix.pch */ = {isa = PBXFileReference; lastKnownFileType = sourcecode.c.h; path = "PokerChat-Prefix.pch"; sourceTree = "<group>"; };
		B3D097D616E8284100E99380 /* Default.png */ = {isa = PBXFileReference; lastKnownFileType = image.png; path = Default.png; sourceTree = "<group>"; };
		B3D097D816E8284100E99380 /* Default@2x.png */ = {isa = PBXFileReference; lastKnownFileType = image.png; path = "Default@2x.png"; sourceTree = "<group>"; };
		B3D097DA16E8284100E99380 /* Default-568h@2x.png */ = {isa = PBXFileReference; lastKnownFileType = image.png; path = "Default-568h@2x.png"; sourceTree = "<group>"; };
		B3D097FD16E84AD200E99380 /* QuartzCore.framework */ = {isa = PBXFileReference; lastKnownFileType = wrapper.framework; name = QuartzCore.framework; path = System/Library/Frameworks/QuartzCore.framework; sourceTree = SDKROOT; };
		B3DC5CB016F9F7FB008AC81A /* Base64.h */ = {isa = PBXFileReference; fileEncoding = 4; lastKnownFileType = sourcecode.c.h; path = Base64.h; sourceTree = "<group>"; };
		B3DC5CB116F9F7FB008AC81A /* Base64.m */ = {isa = PBXFileReference; fileEncoding = 4; lastKnownFileType = sourcecode.c.objc; path = Base64.m; sourceTree = "<group>"; };
		B3DF333316F1B8F000E9C4D9 /* UserData.h */ = {isa = PBXFileReference; fileEncoding = 4; lastKnownFileType = sourcecode.c.h; path = UserData.h; sourceTree = "<group>"; };
		B3DF333416F1B8F000E9C4D9 /* UserData.m */ = {isa = PBXFileReference; fileEncoding = 4; lastKnownFileType = sourcecode.c.objc; path = UserData.m; sourceTree = "<group>"; };
		B3DF333616F1BBBB00E9C4D9 /* UserDataManager.h */ = {isa = PBXFileReference; fileEncoding = 4; lastKnownFileType = sourcecode.c.h; path = UserDataManager.h; sourceTree = "<group>"; };
		B3DF333716F1BBBB00E9C4D9 /* UserDataManager.m */ = {isa = PBXFileReference; fileEncoding = 4; lastKnownFileType = sourcecode.c.objc; path = UserDataManager.m; sourceTree = "<group>"; };
		B3E5C85E16F7EEF200739CE5 /* PopupView.h */ = {isa = PBXFileReference; fileEncoding = 4; lastKnownFileType = sourcecode.c.h; path = PopupView.h; sourceTree = "<group>"; };
		B3E5C85F16F7EEF200739CE5 /* PopupView.m */ = {isa = PBXFileReference; fileEncoding = 4; lastKnownFileType = sourcecode.c.objc; path = PopupView.m; sourceTree = "<group>"; };
		B3F8F22117013F9400D80E42 /* RoomListTableViewHeader.h */ = {isa = PBXFileReference; fileEncoding = 4; lastKnownFileType = sourcecode.c.h; path = RoomListTableViewHeader.h; sourceTree = "<group>"; };
		B3F8F22217013F9400D80E42 /* RoomListTableViewHeader.m */ = {isa = PBXFileReference; fileEncoding = 4; lastKnownFileType = sourcecode.c.objc; path = RoomListTableViewHeader.m; sourceTree = "<group>"; };
		B3F8F22417013FC200D80E42 /* RoomListTableViewHeader.xib */ = {isa = PBXFileReference; fileEncoding = 4; lastKnownFileType = file.xib; path = RoomListTableViewHeader.xib; sourceTree = "<group>"; };
		B3F8F2261701439700D80E42 /* RoomListTableViewFooter.h */ = {isa = PBXFileReference; fileEncoding = 4; lastKnownFileType = sourcecode.c.h; path = RoomListTableViewFooter.h; sourceTree = "<group>"; };
		B3F8F2271701439800D80E42 /* RoomListTableViewFooter.m */ = {isa = PBXFileReference; fileEncoding = 4; lastKnownFileType = sourcecode.c.objc; path = RoomListTableViewFooter.m; sourceTree = "<group>"; };
		B3F8F229170143C500D80E42 /* RoomListTableViewFooter.xib */ = {isa = PBXFileReference; fileEncoding = 4; lastKnownFileType = file.xib; path = RoomListTableViewFooter.xib; sourceTree = "<group>"; };
		B3F8F22B17016F7A00D80E42 /* SS_PinYin.c */ = {isa = PBXFileReference; fileEncoding = 4; lastKnownFileType = sourcecode.c.c; path = SS_PinYin.c; sourceTree = "<group>"; };
		B3F8F22D1701704400D80E42 /* SS_PinYin.h */ = {isa = PBXFileReference; fileEncoding = 4; lastKnownFileType = sourcecode.c.h; path = SS_PinYin.h; sourceTree = "<group>"; };
		C4B39B3716FD82F200C45BB9 /* avatar.png */ = {isa = PBXFileReference; lastKnownFileType = image.png; path = avatar.png; sourceTree = "<group>"; };
/* End PBXFileReference section */

/* Begin PBXFrameworksBuildPhase section */
		B3D097BD16E8284000E99380 /* Frameworks */ = {
			isa = PBXFrameworksBuildPhase;
			buildActionMask = 2147483647;
			files = (
				B31BF86816E8857100561E33 /* libicucore.dylib in Frameworks */,
				B31BF86616E8856900561E33 /* CFNetwork.framework in Frameworks */,
				B31BF86416E8856000561E33 /* Security.framework in Frameworks */,
				B3D097FE16E84AD200E99380 /* QuartzCore.framework in Frameworks */,
				B3D097C516E8284000E99380 /* UIKit.framework in Frameworks */,
				B3D097C716E8284000E99380 /* Foundation.framework in Frameworks */,
				B3D097C916E8284000E99380 /* CoreGraphics.framework in Frameworks */,
			);
			runOnlyForDeploymentPostprocessing = 0;
		};
/* End PBXFrameworksBuildPhase section */

/* Begin PBXGroup section */
		B31BF83F16E884F900561E33 /* Util */ = {
			isa = PBXGroup;
			children = (
				B3DC5CAF16F9F7FB008AC81A /* Base64 */,
				B32AEB9D16F704C5001EC9C1 /* Socket */,
			);
			name = Util;
			path = PokerChat/Util;
			sourceTree = SOURCE_ROOT;
		};
		B31BF84016E8853800561E33 /* Pomelo */ = {
			isa = PBXGroup;
			children = (
				B31BF84116E8853800561E33 /* Pomelo.h */,
				B31BF84216E8853800561E33 /* Pomelo.m */,
				B31BF84316E8853800561E33 /* PomeloProtocol.h */,
				B31BF84416E8853800561E33 /* PomeloProtocol.m */,
			);
			path = Pomelo;
			sourceTree = "<group>";
		};
		B31BF84516E8853800561E33 /* SocketIO */ = {
			isa = PBXGroup;
			children = (
				B31BF84616E8853800561E33 /* SocketIO.h */,
				B31BF84716E8853800561E33 /* SocketIO.m */,
				B31BF84816E8853800561E33 /* SocketIOJSONSerialization.h */,
				B31BF84916E8853800561E33 /* SocketIOJSONSerialization.m */,
				B31BF84A16E8853800561E33 /* SocketIOPacket.h */,
				B31BF84B16E8853800561E33 /* SocketIOPacket.m */,
				B31BF84C16E8853800561E33 /* SocketIOTransport.h */,
				B31BF84D16E8853800561E33 /* SocketIOTransportWebsocket.h */,
				B31BF84E16E8853800561E33 /* SocketIOTransportWebsocket.m */,
				B31BF84F16E8853800561E33 /* SocketIOTransportXHR.h */,
				B31BF85016E8853800561E33 /* SocketIOTransportXHR.m */,
			);
			path = SocketIO;
			sourceTree = "<group>";
		};
		B31BF85116E8853800561E33 /* SocketRocket */ = {
			isa = PBXGroup;
			children = (
				B31BF85216E8853800561E33 /* base64.c */,
				B31BF85316E8853800561E33 /* base64.h */,
				B31BF85416E8853800561E33 /* NSData+SRB64Additions.h */,
				B31BF85516E8853800561E33 /* NSData+SRB64Additions.m */,
				B31BF85616E8853800561E33 /* SocketRocket-Prefix.pch */,
				B31BF85716E8853800561E33 /* SRWebSocket.h */,
				B31BF85816E8853800561E33 /* SRWebSocket.m */,
			);
			path = SocketRocket;
			sourceTree = "<group>";
		};
		B32AD45516F309CE0030B46A /* Addition */ = {
			isa = PBXGroup;
			children = (
				B32AD45616F30A170030B46A /* RefreshHeaderView.h */,
				B32AD45716F30A170030B46A /* RefreshHeaderView.m */,
				B32AEB9E16F7055C001EC9C1 /* Functions.h */,
				B32AEB9F16F7055C001EC9C1 /* Functions.m */,
				B3E5C85E16F7EEF200739CE5 /* PopupView.h */,
				B3E5C85F16F7EEF200739CE5 /* PopupView.m */,
				B302E23916FD5495002897BD /* LoadingView.h */,
				B302E23A16FD5495002897BD /* LoadingView.m */,
				B302E23C16FD7CE2002897BD /* UIDevice-Hardware.h */,
				B302E23D16FD7CE2002897BD /* UIDevice-Hardware.m */,
				B3F8F22B17016F7A00D80E42 /* SS_PinYin.c */,
				B3F8F22D1701704400D80E42 /* SS_PinYin.h */,
			);
			name = Addition;
			path = PokerChat/Addition;
			sourceTree = SOURCE_ROOT;
		};
		B32AD45916F340BC0030B46A /* Resource */ = {
			isa = PBXGroup;
			children = (
				C4B39B3716FD82F200C45BB9 /* avatar.png */,
				B32AD45A16F340BD0030B46A /* blackArrow.png */,
				B32AD45B16F340BD0030B46A /* blackArrow@2x.png */,
				B32AD45C16F340BD0030B46A /* blueArrow.png */,
				B32AD45D16F340BD0030B46A /* blueArrow@2x.png */,
				B32AD45E16F340BD0030B46A /* grayArrow.png */,
				B32AD45F16F340BD0030B46A /* grayArrow@2x.png */,
				B32AD46016F340BD0030B46A /* whiteArrow.png */,
				B32AD46116F340BD0030B46A /* whiteArrow@2x.png */,
			);
			path = Resource;
			sourceTree = "<group>";
		};
		B32AEB9D16F704C5001EC9C1 /* Socket */ = {
			isa = PBXGroup;
			children = (
				B31BF84016E8853800561E33 /* Pomelo */,
				B31BF84516E8853800561E33 /* SocketIO */,
				B31BF85116E8853800561E33 /* SocketRocket */,
			);
			name = Socket;
			sourceTree = "<group>";
		};
		B334B87116FD9C7F006AB8DD /* UI */ = {
			isa = PBXGroup;
			children = (
				B334B87216FD9C7F006AB8DD /* CreatRoomView.h */,
				B334B87316FD9C7F006AB8DD /* CreatRoomView.m */,
				B334B87416FD9C7F006AB8DD /* CreatRoomView.xib */,
				B334B87516FD9C7F006AB8DD /* RegisterView.h */,
				B334B87616FD9C7F006AB8DD /* RegisterView.m */,
				B334B87716FD9C7F006AB8DD /* RegisterView.xib */,
				B334B87816FD9C7F006AB8DD /* RoomListTableViewCell.h */,
				B334B87916FD9C7F006AB8DD /* RoomListTableViewCell.m */,
				B334B87A16FD9C7F006AB8DD /* RoomListTableViewCell.xib */,
				B3F8F22117013F9400D80E42 /* RoomListTableViewHeader.h */,
				B3F8F22217013F9400D80E42 /* RoomListTableViewHeader.m */,
				B3F8F22417013FC200D80E42 /* RoomListTableViewHeader.xib */,
				B3F8F2261701439700D80E42 /* RoomListTableViewFooter.h */,
				B3F8F2271701439800D80E42 /* RoomListTableViewFooter.m */,
				B3F8F229170143C500D80E42 /* RoomListTableViewFooter.xib */,
			);
			path = UI;
			sourceTree = "<group>";
		};
		B334B88116FD9CE4006AB8DD /* App */ = {
			isa = PBXGroup;
			children = (
				B334B88216FD9CE4006AB8DD /* AppDelegate.h */,
				B334B88316FD9CE4006AB8DD /* AppDelegate.m */,
			);
			path = App;
			sourceTree = "<group>";
		};
		B334B88516FD9CEE006AB8DD /* Controller */ = {
			isa = PBXGroup;
			children = (
				B334B88616FD9CEE006AB8DD /* ChatViewController.h */,
				B334B88716FD9CEE006AB8DD /* ChatViewController.m */,
				B334B88816FD9CEE006AB8DD /* ChatViewController.xib */,
				B334B88916FD9CEE006AB8DD /* LoginViewController.h */,
				B334B88A16FD9CEE006AB8DD /* LoginViewController.m */,
				B334B88B16FD9CEE006AB8DD /* LoginViewController.xib */,
				B334B88C16FD9CEE006AB8DD /* RoomViewController.h */,
				B334B88D16FD9CEE006AB8DD /* RoomViewController.m */,
				B334B88E16FD9CEE006AB8DD /* RoomViewController.xib */,
			);
			path = Controller;
			sourceTree = "<group>";
		};
		B3D097B516E8284000E99380 = {
			isa = PBXGroup;
			children = (
				B3D097CA16E8284000E99380 /* PokerChat */,
				B3D097C316E8284000E99380 /* Frameworks */,
				B3D097C116E8284000E99380 /* Products */,
			);
			sourceTree = "<group>";
		};
		B3D097C116E8284000E99380 /* Products */ = {
			isa = PBXGroup;
			children = (
				B3D097C016E8284000E99380 /* PokerChat.app */,
			);
			name = Products;
			sourceTree = "<group>";
		};
		B3D097C316E8284000E99380 /* Frameworks */ = {
			isa = PBXGroup;
			children = (
				B31BF86716E8857100561E33 /* libicucore.dylib */,
				B31BF86516E8856900561E33 /* CFNetwork.framework */,
				B31BF86316E8856000561E33 /* Security.framework */,
				B3D097FD16E84AD200E99380 /* QuartzCore.framework */,
				B3D097C416E8284000E99380 /* UIKit.framework */,
				B3D097C616E8284000E99380 /* Foundation.framework */,
				B3D097C816E8284000E99380 /* CoreGraphics.framework */,
			);
			name = Frameworks;
			sourceTree = "<group>";
		};
		B3D097CA16E8284000E99380 /* PokerChat */ = {
			isa = PBXGroup;
			children = (
				B334B88116FD9CE4006AB8DD /* App */,
				B334B87116FD9C7F006AB8DD /* UI */,
				B334B88516FD9CEE006AB8DD /* Controller */,
				B3DF333216F1B77500E9C4D9 /* Manage */,
				B32AD45516F309CE0030B46A /* Addition */,
				B31BF83F16E884F900561E33 /* Util */,
				B32AD45916F340BC0030B46A /* Resource */,
				B3D097CB16E8284000E99380 /* Supporting Files */,
			);
			path = PokerChat;
			sourceTree = "<group>";
		};
		B3D097CB16E8284000E99380 /* Supporting Files */ = {
			isa = PBXGroup;
			children = (
				B3D097CC16E8284000E99380 /* PokerChat-Info.plist */,
				B3D097CD16E8284000E99380 /* InfoPlist.strings */,
				B3D097D016E8284000E99380 /* main.m */,
				B3D097D216E8284100E99380 /* PokerChat-Prefix.pch */,
				B3D097D616E8284100E99380 /* Default.png */,
				B3D097D816E8284100E99380 /* Default@2x.png */,
				B3D097DA16E8284100E99380 /* Default-568h@2x.png */,
			);
			name = "Supporting Files";
			sourceTree = "<group>";
		};
		B3DC5CAF16F9F7FB008AC81A /* Base64 */ = {
			isa = PBXGroup;
			children = (
				B3DC5CB016F9F7FB008AC81A /* Base64.h */,
				B3DC5CB116F9F7FB008AC81A /* Base64.m */,
			);
			path = Base64;
			sourceTree = "<group>";
		};
		B3DF333216F1B77500E9C4D9 /* Manage */ = {
			isa = PBXGroup;
			children = (
				B3DF333316F1B8F000E9C4D9 /* UserData.h */,
				B3DF333416F1B8F000E9C4D9 /* UserData.m */,
				B3DF333616F1BBBB00E9C4D9 /* UserDataManager.h */,
				B3DF333716F1BBBB00E9C4D9 /* UserDataManager.m */,
			);
			path = Manage;
			sourceTree = "<group>";
		};
/* End PBXGroup section */

/* Begin PBXNativeTarget section */
		B3D097BF16E8284000E99380 /* PokerChat */ = {
			isa = PBXNativeTarget;
			buildConfigurationList = B3D097DE16E8284100E99380 /* Build configuration list for PBXNativeTarget "PokerChat" */;
			buildPhases = (
				B3D097BC16E8284000E99380 /* Sources */,
				B3D097BD16E8284000E99380 /* Frameworks */,
				B3D097BE16E8284000E99380 /* Resources */,
			);
			buildRules = (
			);
			dependencies = (
			);
			name = PokerChat;
			productName = PokerChat;
			productReference = B3D097C016E8284000E99380 /* PokerChat.app */;
			productType = "com.apple.product-type.application";
		};
/* End PBXNativeTarget section */

/* Begin PBXProject section */
		B3D097B716E8284000E99380 /* Project object */ = {
			isa = PBXProject;
			attributes = {
				LastUpgradeCheck = 0450;
				ORGANIZATIONNAME = Vienta.su;
			};
			buildConfigurationList = B3D097BA16E8284000E99380 /* Build configuration list for PBXProject "PokerChat" */;
			compatibilityVersion = "Xcode 3.2";
			developmentRegion = English;
			hasScannedForEncodings = 0;
			knownRegions = (
				en,
			);
			mainGroup = B3D097B516E8284000E99380;
			productRefGroup = B3D097C116E8284000E99380 /* Products */;
			projectDirPath = "";
			projectRoot = "";
			targets = (
				B3D097BF16E8284000E99380 /* PokerChat */,
			);
		};
/* End PBXProject section */

/* Begin PBXResourcesBuildPhase section */
		B3D097BE16E8284000E99380 /* Resources */ = {
			isa = PBXResourcesBuildPhase;
			buildActionMask = 2147483647;
			files = (
				B3D097CF16E8284000E99380 /* InfoPlist.strings in Resources */,
				B3D097D716E8284100E99380 /* Default.png in Resources */,
				B3D097D916E8284100E99380 /* Default@2x.png in Resources */,
				B3D097DB16E8284100E99380 /* Default-568h@2x.png in Resources */,
				B32AD46216F340BD0030B46A /* blackArrow.png in Resources */,
				B32AD46316F340BD0030B46A /* blackArrow@2x.png in Resources */,
				B32AD46416F340BD0030B46A /* blueArrow.png in Resources */,
				B32AD46516F340BD0030B46A /* blueArrow@2x.png in Resources */,
				B32AD46616F340BD0030B46A /* grayArrow.png in Resources */,
				B32AD46716F340BD0030B46A /* grayArrow@2x.png in Resources */,
				B32AD46816F340BD0030B46A /* whiteArrow.png in Resources */,
				B32AD46916F340BD0030B46A /* whiteArrow@2x.png in Resources */,
				C4B39B3816FD82F200C45BB9 /* avatar.png in Resources */,
				B334B87C16FD9C7F006AB8DD /* CreatRoomView.xib in Resources */,
				B334B87E16FD9C7F006AB8DD /* RegisterView.xib in Resources */,
				B334B88016FD9C7F006AB8DD /* RoomListTableViewCell.xib in Resources */,
				B334B89016FD9CEE006AB8DD /* ChatViewController.xib in Resources */,
				B334B89216FD9CEE006AB8DD /* LoginViewController.xib in Resources */,
				B334B89416FD9CEE006AB8DD /* RoomViewController.xib in Resources */,
				B3F8F22517013FC200D80E42 /* RoomListTableViewHeader.xib in Resources */,
				B3F8F22A170143C500D80E42 /* RoomListTableViewFooter.xib in Resources */,
			);
			runOnlyForDeploymentPostprocessing = 0;
		};
/* End PBXResourcesBuildPhase section */

/* Begin PBXSourcesBuildPhase section */
		B3D097BC16E8284000E99380 /* Sources */ = {
			isa = PBXSourcesBuildPhase;
			buildActionMask = 2147483647;
			files = (
				B3D097D116E8284000E99380 /* main.m in Sources */,
				B31BF85916E8853800561E33 /* Pomelo.m in Sources */,
				B31BF85A16E8853800561E33 /* PomeloProtocol.m in Sources */,
				B31BF85B16E8853800561E33 /* SocketIO.m in Sources */,
				B31BF85C16E8853800561E33 /* SocketIOJSONSerialization.m in Sources */,
				B31BF85D16E8853800561E33 /* SocketIOPacket.m in Sources */,
				B31BF85E16E8853800561E33 /* SocketIOTransportWebsocket.m in Sources */,
				B31BF85F16E8853800561E33 /* SocketIOTransportXHR.m in Sources */,
				B31BF86016E8853800561E33 /* base64.c in Sources */,
				B31BF86116E8853800561E33 /* NSData+SRB64Additions.m in Sources */,
				B31BF86216E8853800561E33 /* SRWebSocket.m in Sources */,
				B3DF333516F1B8F000E9C4D9 /* UserData.m in Sources */,
				B3DF333816F1BBBB00E9C4D9 /* UserDataManager.m in Sources */,
				B32AD45816F30A170030B46A /* RefreshHeaderView.m in Sources */,
				B32AEBA016F7055C001EC9C1 /* Functions.m in Sources */,
				B3E5C86016F7EEF200739CE5 /* PopupView.m in Sources */,
				B3DC5CB216F9F7FB008AC81A /* Base64.m in Sources */,
				B302E23B16FD5495002897BD /* LoadingView.m in Sources */,
				B302E23E16FD7CE2002897BD /* UIDevice-Hardware.m in Sources */,
				B334B87B16FD9C7F006AB8DD /* CreatRoomView.m in Sources */,
				B334B87D16FD9C7F006AB8DD /* RegisterView.m in Sources */,
				B334B87F16FD9C7F006AB8DD /* RoomListTableViewCell.m in Sources */,
				B334B88416FD9CE4006AB8DD /* AppDelegate.m in Sources */,
				B334B88F16FD9CEE006AB8DD /* ChatViewController.m in Sources */,
				B334B89116FD9CEE006AB8DD /* LoginViewController.m in Sources */,
				B334B89316FD9CEE006AB8DD /* RoomViewController.m in Sources */,
				B3F8F22317013F9400D80E42 /* RoomListTableViewHeader.m in Sources */,
				B3F8F2281701439800D80E42 /* RoomListTableViewFooter.m in Sources */,
				B3F8F22C17016F7A00D80E42 /* SS_PinYin.c in Sources */,
			);
			runOnlyForDeploymentPostprocessing = 0;
		};
/* End PBXSourcesBuildPhase section */

/* Begin PBXVariantGroup section */
		B3D097CD16E8284000E99380 /* InfoPlist.strings */ = {
			isa = PBXVariantGroup;
			children = (
				B3D097CE16E8284000E99380 /* en */,
			);
			name = InfoPlist.strings;
			sourceTree = "<group>";
		};
/* End PBXVariantGroup section */

/* Begin XCBuildConfiguration section */
		B3D097DC16E8284100E99380 /* Debug */ = {
			isa = XCBuildConfiguration;
			buildSettings = {
				ALWAYS_SEARCH_USER_PATHS = NO;
				CLANG_CXX_LANGUAGE_STANDARD = "gnu++0x";
				CLANG_CXX_LIBRARY = "libc++";
				CLANG_WARN_EMPTY_BODY = YES;
				CLANG_WARN__DUPLICATE_METHOD_MATCH = YES;
				CODE_SIGN_IDENTITY = "iPhone Developer: Yunlong Li (97TE3ZATPJ)";
				"CODE_SIGN_IDENTITY[sdk=iphoneos*]" = "iPhone Developer: Yunlong Li (97TE3ZATPJ)";
				COPY_PHASE_STRIP = NO;
				GCC_C_LANGUAGE_STANDARD = gnu99;
				GCC_DYNAMIC_NO_PIC = NO;
				GCC_OPTIMIZATION_LEVEL = 0;
				GCC_PREPROCESSOR_DEFINITIONS = (
					"DEBUG=1",
					"$(inherited)",
				);
				GCC_SYMBOLS_PRIVATE_EXTERN = NO;
				GCC_WARN_ABOUT_RETURN_TYPE = YES;
				GCC_WARN_UNINITIALIZED_AUTOS = YES;
				GCC_WARN_UNUSED_VARIABLE = YES;
				IPHONEOS_DEPLOYMENT_TARGET = 6.0;
				ONLY_ACTIVE_ARCH = YES;
				PROVISIONING_PROFILE = "C8F630E5-5F84-4D66-A1F3-A96719613395";
				"PROVISIONING_PROFILE[sdk=iphoneos*]" = "EBA61C5F-14B2-42E4-B02B-A3F9D0892F5A";
				SDKROOT = iphoneos;
				TARGETED_DEVICE_FAMILY = "1,2";
			};
			name = Debug;
		};
		B3D097DD16E8284100E99380 /* Release */ = {
			isa = XCBuildConfiguration;
			buildSettings = {
				ALWAYS_SEARCH_USER_PATHS = NO;
				CLANG_CXX_LANGUAGE_STANDARD = "gnu++0x";
				CLANG_CXX_LIBRARY = "libc++";
				CLANG_WARN_EMPTY_BODY = YES;
				CLANG_WARN__DUPLICATE_METHOD_MATCH = YES;
				"CODE_SIGN_IDENTITY[sdk=iphoneos*]" = "iPhone Developer";
				COPY_PHASE_STRIP = YES;
				GCC_C_LANGUAGE_STANDARD = gnu99;
				GCC_WARN_ABOUT_RETURN_TYPE = YES;
				GCC_WARN_UNINITIALIZED_AUTOS = YES;
				GCC_WARN_UNUSED_VARIABLE = YES;
				IPHONEOS_DEPLOYMENT_TARGET = 6.0;
				OTHER_CFLAGS = "-DNS_BLOCK_ASSERTIONS=1";
				SDKROOT = iphoneos;
				TARGETED_DEVICE_FAMILY = "1,2";
				VALIDATE_PRODUCT = YES;
			};
			name = Release;
		};
		B3D097DF16E8284100E99380 /* Debug */ = {
			isa = XCBuildConfiguration;
			buildSettings = {
				CLANG_ENABLE_OBJC_ARC = YES;
				CODE_SIGN_IDENTITY = "iPhone Developer: Yunlong Li (97TE3ZATPJ)";
				"CODE_SIGN_IDENTITY[sdk=iphoneos*]" = "iPhone Developer: Yunlong Li (97TE3ZATPJ)";
				GCC_PRECOMPILE_PREFIX_HEADER = YES;
				GCC_PREFIX_HEADER = "PokerChat/PokerChat-Prefix.pch";
				INFOPLIST_FILE = "PokerChat/PokerChat-Info.plist";
				IPHONEOS_DEPLOYMENT_TARGET = 5.0;
				PRODUCT_NAME = "$(TARGET_NAME)";
				PROVISIONING_PROFILE = "EDC1924E-DBED-42E3-8BAF-4699118BEC2B";
				"PROVISIONING_PROFILE[sdk=iphoneos*]" = "EDC1924E-DBED-42E3-8BAF-4699118BEC2B";
				WRAPPER_EXTENSION = app;
			};
			name = Debug;
		};
		B3D097E016E8284100E99380 /* Release */ = {
			isa = XCBuildConfiguration;
			buildSettings = {
				CLANG_ENABLE_OBJC_ARC = YES;
				GCC_PRECOMPILE_PREFIX_HEADER = YES;
				GCC_PREFIX_HEADER = "PokerChat/PokerChat-Prefix.pch";
				INFOPLIST_FILE = "PokerChat/PokerChat-Info.plist";
				IPHONEOS_DEPLOYMENT_TARGET = 5.0;
				PRODUCT_NAME = "$(TARGET_NAME)";
				WRAPPER_EXTENSION = app;
			};
			name = Release;
		};
/* End XCBuildConfiguration section */

/* Begin XCConfigurationList section */
		B3D097BA16E8284000E99380 /* Build configuration list for PBXProject "PokerChat" */ = {
			isa = XCConfigurationList;
			buildConfigurations = (
				B3D097DC16E8284100E99380 /* Debug */,
				B3D097DD16E8284100E99380 /* Release */,
			);
			defaultConfigurationIsVisible = 0;
			defaultConfigurationName = Release;
		};
		B3D097DE16E8284100E99380 /* Build configuration list for PBXNativeTarget "PokerChat" */ = {
			isa = XCConfigurationList;
			buildConfigurations = (
				B3D097DF16E8284100E99380 /* Debug */,
				B3D097E016E8284100E99380 /* Release */,
			);
			defaultConfigurationIsVisible = 0;
			defaultConfigurationName = Release;
		};
/* End XCConfigurationList section */
	};
	rootObject = B3D097B716E8284000E99380 /* Project object */;
}
